
Microsoft Visual Studio Solution File, Format Version 12.00
# Visual Studio Version 17
VisualStudioVersion = 17.7.34024.191
MinimumVisualStudioVersion = 10.0.40219.1
Project("{8BC9CEB8-8B4A-11D0-8D11-00A0C91BC942}") = "keylogger", "keylogger.vcxproj", "{8574C371-998D-4B4A-BD76-4A8D3E56F0E2}"
EndProject
Global
	GlobalSection(SolutionConfigurationPlatforms) = preSolution
		Debug|x64 = Debug|x64
		Debug|x86 = Debug|x86
		Release|x64 = Release|x64
		Release|x86 = Release|x86
	EndGlobalSection
	GlobalSection(ProjectConfigurationPlatforms) = postSolution
		{8574C371-998D-4B4A-BD76-4A8D3E56F0E2}.Debug|x64.ActiveCfg = Debug|x64
		{8574C371-998D-4B4A-BD76-4A8D3E56F0E2}.Debug|x64.Build.0 = Debug|x64
		{8574C371-998D-4B4A-BD76-4A8D3E56F0E2}.Debug|x86.ActiveCfg = Debug|Win32
		{8574C371-998D-4B4A-BD76-4A8D3E56F0E2}.Debug|x86.Build.0 = Debug|Win32
		{8574C371-998D-4B4A-BD76-4A8D3E56F0E2}.Release|x64.ActiveCfg = Release|x64
		{8574C371-998D-4B4A-BD76-4A8D3E56F0E2}.Release|x64.Build.0 = Release|x64
		{8574C371-998D-4B4A-BD76-4A8D3E56F0E2}.Release|x86.ActiveCfg = Release|Win32
		{8574C371-998D-4B4A-BD76-4A8D3E56F0E2}.Release|x86.Build.0 = Release|Win32
	EndGlobalSection
	GlobalSection(SolutionProperties) = preSolution
		HideSolutionNode = FALSE
	EndGlobalSection
	GlobalSection(ExtensibilityGlobals) = postSolution
		SolutionGuid = {8AC7F5C2-4CC9-4D1C-8191-D70CC13B720E}
	EndGlobalSection
EndGlobal
